
Microsoft Visual Studio Solution File, Format Version 12.00
# Visual Studio Version 16
VisualStudioVersion = 16.0.29806.167
MinimumVisualStudioVersion = 10.0.40219.1
Project("{FAE04EC0-301F-11D3-BF4B-00C04F79EFBC}") = "PhotoEditor", "PhotoEditor\PhotoEditor.csproj", "{7F47B220-5225-4C23-9D15-C63461D6455E}"
EndProject
Project("{FAE04EC0-301F-11D3-BF4B-00C04F79EFBC}") = "UnitTests", "UnitTests\UnitTests.csproj", "{175B904B-A06C-4F9B-81F6-5D92F122A23F}"
EndProject
Global
	GlobalSection(SolutionConfigurationPlatforms) = preSolution
		Debug|Any CPU = Debug|Any CPU
		Release|Any CPU = Release|Any CPU
	EndGlobalSection
	GlobalSection(ProjectConfigurationPlatforms) = postSolution
		{7F47B220-5225-4C23-9D15-C63461D6455E}.Debug|Any CPU.ActiveCfg = Debug|Any CPU
		{7F47B220-5225-4C23-9D15-C63461D6455E}.Debug|Any CPU.Build.0 = Debug|Any CPU
		{7F47B220-5225-4C23-9D15-C63461D6455E}.Release|Any CPU.ActiveCfg = Release|Any CPU
		{7F47B220-5225-4C23-9D15-C63461D6455E}.Release|Any CPU.Build.0 = Release|Any CPU
		{175B904B-A06C-4F9B-81F6-5D92F122A23F}.Debug|Any CPU.ActiveCfg = Debug|Any CPU
		{175B904B-A06C-4F9B-81F6-5D92F122A23F}.Debug|Any CPU.Build.0 = Debug|Any CPU
		{175B904B-A06C-4F9B-81F6-5D92F122A23F}.Release|Any CPU.ActiveCfg = Release|Any CPU
		{175B904B-A06C-4F9B-81F6-5D92F122A23F}.Release|Any CPU.Build.0 = Release|Any CPU
	EndGlobalSection
	GlobalSection(SolutionProperties) = preSolution
		HideSolutionNode = FALSE
	EndGlobalSection
	GlobalSection(ExtensibilityGlobals) = postSolution
		SolutionGuid = {93906F05-5CBE-4A3B-88C3-0AEE07237C04}
	EndGlobalSection
EndGlobal
